
Microsoft Visual Studio Solution File, Format Version 12.00
# Visual Studio Version 16
VisualStudioVersion = 16.0.31729.503
MinimumVisualStudioVersion = 10.0.40219.1
Project("{FAE04EC0-301F-11D3-BF4B-00C04F79EFBC}") = "HassleofCattle", "HassleofCattle\HassleofCattle.csproj", "{EF6287AC-99B6-4455-B79E-3EC5069E2C54}"
EndProject
Project("{54435603-DBB4-11D2-8724-00A0C9A8B90C}") = "Setup1", "Setup1\Setup1.vdproj", "{14F6D2E1-22A8-4D84-A4E2-D800D68BDD23}"
EndProject
Global
	GlobalSection(SolutionConfigurationPlatforms) = preSolution
		Debug|Any CPU = Debug|Any CPU
		Release|Any CPU = Release|Any CPU
	EndGlobalSection
	GlobalSection(ProjectConfigurationPlatforms) = postSolution
		{EF6287AC-99B6-4455-B79E-3EC5069E2C54}.Debug|Any CPU.ActiveCfg = Debug|Any CPU
		{EF6287AC-99B6-4455-B79E-3EC5069E2C54}.Debug|Any CPU.Build.0 = Debug|Any CPU
		{EF6287AC-99B6-4455-B79E-3EC5069E2C54}.Release|Any CPU.ActiveCfg = Release|Any CPU
		{EF6287AC-99B6-4455-B79E-3EC5069E2C54}.Release|Any CPU.Build.0 = Release|Any CPU
		{14F6D2E1-22A8-4D84-A4E2-D800D68BDD23}.Debug|Any CPU.ActiveCfg = Debug
		{14F6D2E1-22A8-4D84-A4E2-D800D68BDD23}.Release|Any CPU.ActiveCfg = Release
	EndGlobalSection
	GlobalSection(SolutionProperties) = preSolution
		HideSolutionNode = FALSE
	EndGlobalSection
	GlobalSection(ExtensibilityGlobals) = postSolution
		SolutionGuid = {65314481-D541-4584-ACE7-F5965F5357E5}
	EndGlobalSection
EndGlobal
